
Microsoft Visual Studio Solution File, Format Version 12.00
# Visual Studio Version 16
VisualStudioVersion = 16.0.31005.135
MinimumVisualStudioVersion = 10.0.40219.1
Project("{FAE04EC0-301F-11D3-BF4B-00C04F79EFBC}") = "TodoWFA", "TodoWFA\TodoWFA.csproj", "{DF4C12CF-8BD0-46B8-86FA-6BFF2D82491C}"
EndProject
Global
	GlobalSection(SolutionConfigurationPlatforms) = preSolution
		Debug|Any CPU = Debug|Any CPU
		Release|Any CPU = Release|Any CPU
	EndGlobalSection
	GlobalSection(ProjectConfigurationPlatforms) = postSolution
		{DF4C12CF-8BD0-46B8-86FA-6BFF2D82491C}.Debug|Any CPU.ActiveCfg = Debug|Any CPU
		{DF4C12CF-8BD0-46B8-86FA-6BFF2D82491C}.Debug|Any CPU.Build.0 = Debug|Any CPU
		{DF4C12CF-8BD0-46B8-86FA-6BFF2D82491C}.Release|Any CPU.ActiveCfg = Release|Any CPU
		{DF4C12CF-8BD0-46B8-86FA-6BFF2D82491C}.Release|Any CPU.Build.0 = Release|Any CPU
	EndGlobalSection
	GlobalSection(SolutionProperties) = preSolution
		HideSolutionNode = FALSE
	EndGlobalSection
	GlobalSection(ExtensibilityGlobals) = postSolution
		SolutionGuid = {D7AA179C-05D4-4ADE-BA3F-F0CEAC68B1BA}
	EndGlobalSection
EndGlobal
